
Microsoft Visual Studio Solution File, Format Version 11.00
# Visual Studio 2010
Project("{FAE04EC0-301F-11D3-BF4B-00C04F79EFBC}") = "Assembly-CSharp", "Assembly-CSharp.csproj", "{0E8EDAA8-0AC2-CAF1-48E0-F9A934FF73BA}"
EndProject
Project("{FAE04EC0-301F-11D3-BF4B-00C04F79EFBC}") = "Assembly-CSharp-firstpass", "Assembly-CSharp-firstpass.csproj", "{EBE7C808-B649-2E9F-F1C7-15E6217185C2}"
EndProject
Project("{FAE04EC0-301F-11D3-BF4B-00C04F79EFBC}") = "Assembly-CSharp-Editor-firstpass", "Assembly-CSharp-Editor-firstpass.csproj", "{DAF3E4C7-8196-C42D-14CB-AC4EB212D500}"
EndProject
Global
	GlobalSection(SolutionConfigurationPlatforms) = preSolution
		Debug|Any CPU = Debug|Any CPU
		Release|Any CPU = Release|Any CPU
	EndGlobalSection
	GlobalSection(ProjectConfigurationPlatforms) = postSolution
		{0E8EDAA8-0AC2-CAF1-48E0-F9A934FF73BA}.Debug|Any CPU.ActiveCfg = Debug|Any CPU
		{0E8EDAA8-0AC2-CAF1-48E0-F9A934FF73BA}.Debug|Any CPU.Build.0 = Debug|Any CPU
		{0E8EDAA8-0AC2-CAF1-48E0-F9A934FF73BA}.Release|Any CPU.ActiveCfg = Release|Any CPU
		{0E8EDAA8-0AC2-CAF1-48E0-F9A934FF73BA}.Release|Any CPU.Build.0 = Release|Any CPU
		{EBE7C808-B649-2E9F-F1C7-15E6217185C2}.Debug|Any CPU.ActiveCfg = Debug|Any CPU
		{EBE7C808-B649-2E9F-F1C7-15E6217185C2}.Debug|Any CPU.Build.0 = Debug|Any CPU
		{EBE7C808-B649-2E9F-F1C7-15E6217185C2}.Release|Any CPU.ActiveCfg = Release|Any CPU
		{EBE7C808-B649-2E9F-F1C7-15E6217185C2}.Release|Any CPU.Build.0 = Release|Any CPU
		{DAF3E4C7-8196-C42D-14CB-AC4EB212D500}.Debug|Any CPU.ActiveCfg = Debug|Any CPU
		{DAF3E4C7-8196-C42D-14CB-AC4EB212D500}.Debug|Any CPU.Build.0 = Debug|Any CPU
		{DAF3E4C7-8196-C42D-14CB-AC4EB212D500}.Release|Any CPU.ActiveCfg = Release|Any CPU
		{DAF3E4C7-8196-C42D-14CB-AC4EB212D500}.Release|Any CPU.Build.0 = Release|Any CPU
	EndGlobalSection
	GlobalSection(SolutionProperties) = preSolution
		HideSolutionNode = FALSE
	EndGlobalSection
	GlobalSection(MonoDevelopProperties) = preSolution
		StartupItem = Assembly-CSharp.csproj
	EndGlobalSection
EndGlobal
